
Microsoft Visual Studio Solution File, Format Version 12.00
Project("{FAE04EC0-301F-11D3-BF4B-00C04F79EFBC}") = "Feathery.Unofficial.Client", "src\Feathery.Unofficial.Client.csproj", "{03CFC5B9-E006-437F-B8B4-F16F98840A0A}"
EndProject
Global
	GlobalSection(SolutionConfigurationPlatforms) = preSolution
		Debug|Any CPU = Debug|Any CPU
		Release|Any CPU = Release|Any CPU
	EndGlobalSection
	GlobalSection(ProjectConfigurationPlatforms) = postSolution
		{03CFC5B9-E006-437F-B8B4-F16F98840A0A}.Debug|Any CPU.ActiveCfg = Debug|Any CPU
		{03CFC5B9-E006-437F-B8B4-F16F98840A0A}.Debug|Any CPU.Build.0 = Debug|Any CPU
		{03CFC5B9-E006-437F-B8B4-F16F98840A0A}.Release|Any CPU.ActiveCfg = Release|Any CPU
		{03CFC5B9-E006-437F-B8B4-F16F98840A0A}.Release|Any CPU.Build.0 = Release|Any CPU
	EndGlobalSection
EndGlobal
